
Microsoft Visual Studio Solution File, Format Version 12.00
# Visual Studio 14
VisualStudioVersion = 14.0.25420.1
MinimumVisualStudioVersion = 10.0.40219.1
Project("{FAE04EC0-301F-11D3-BF4B-00C04F79EFBC}") = "APITest", "APITest\APITest.csproj", "{E40C9588-EE51-463E-8A0A-0286FD7A6CCC}"
EndProject
Global
	GlobalSection(SolutionConfigurationPlatforms) = preSolution
		Debug|Any CPU = Debug|Any CPU
		Release|Any CPU = Release|Any CPU
	EndGlobalSection
	GlobalSection(ProjectConfigurationPlatforms) = postSolution
		{E40C9588-EE51-463E-8A0A-0286FD7A6CCC}.Debug|Any CPU.ActiveCfg = Debug|Any CPU
		{E40C9588-EE51-463E-8A0A-0286FD7A6CCC}.Debug|Any CPU.Build.0 = Debug|Any CPU
		{E40C9588-EE51-463E-8A0A-0286FD7A6CCC}.Release|Any CPU.ActiveCfg = Release|Any CPU
		{E40C9588-EE51-463E-8A0A-0286FD7A6CCC}.Release|Any CPU.Build.0 = Release|Any CPU
	EndGlobalSection
	GlobalSection(SolutionProperties) = preSolution
		HideSolutionNode = FALSE
	EndGlobalSection
EndGlobal
